
Microsoft Visual Studio Solution File, Format Version 12.00
# Visual Studio Version 17
VisualStudioVersion = 17.2.32526.322
MinimumVisualStudioVersion = 10.0.40219.1
Project("{9A19103F-16F7-4668-BE54-9A1E7A4F7556}") = "DisplayStudentsGrades", "DisplayStudentsGrades\DisplayStudentsGrades.csproj", "{8B560838-E0E1-4FC6-86D8-738E26DF8D6E}"
EndProject
Project("{9A19103F-16F7-4668-BE54-9A1E7A4F7556}") = "Person", "Person\Person.csproj", "{C5F09970-67FB-4F35-9073-ED111F46818E}"
EndProject
Global
	GlobalSection(SolutionConfigurationPlatforms) = preSolution
		Debug|Any CPU = Debug|Any CPU
		Release|Any CPU = Release|Any CPU
	EndGlobalSection
	GlobalSection(ProjectConfigurationPlatforms) = postSolution
		{8B560838-E0E1-4FC6-86D8-738E26DF8D6E}.Debug|Any CPU.ActiveCfg = Debug|Any CPU
		{8B560838-E0E1-4FC6-86D8-738E26DF8D6E}.Debug|Any CPU.Build.0 = Debug|Any CPU
		{8B560838-E0E1-4FC6-86D8-738E26DF8D6E}.Release|Any CPU.ActiveCfg = Release|Any CPU
		{8B560838-E0E1-4FC6-86D8-738E26DF8D6E}.Release|Any CPU.Build.0 = Release|Any CPU
		{C5F09970-67FB-4F35-9073-ED111F46818E}.Debug|Any CPU.ActiveCfg = Debug|Any CPU
		{C5F09970-67FB-4F35-9073-ED111F46818E}.Debug|Any CPU.Build.0 = Debug|Any CPU
		{C5F09970-67FB-4F35-9073-ED111F46818E}.Release|Any CPU.ActiveCfg = Release|Any CPU
		{C5F09970-67FB-4F35-9073-ED111F46818E}.Release|Any CPU.Build.0 = Release|Any CPU
	EndGlobalSection
	GlobalSection(SolutionProperties) = preSolution
		HideSolutionNode = FALSE
	EndGlobalSection
	GlobalSection(ExtensibilityGlobals) = postSolution
		SolutionGuid = {1AA969F0-B2B5-4DE6-B7C7-68AFCFA9043C}
	EndGlobalSection
EndGlobal
