
Microsoft Visual Studio Solution File, Format Version 12.00
# Visual Studio Version 17
VisualStudioVersion = 17.2.32526.322
MinimumVisualStudioVersion = 10.0.40219.1
Project("{9A19103F-16F7-4668-BE54-9A1E7A4F7556}") = "ConsoleUI", "ConsoleUI\ConsoleUI.csproj", "{2DDD816D-7C66-42AC-866A-A73F45328975}"
EndProject
Project("{FAE04EC0-301F-11D3-BF4B-00C04F79EFBC}") = "LinqLibrary", "LinqLibrary\LinqLibrary.csproj", "{A71F96E0-51EF-467E-B026-7B49DF22A824}"
EndProject
Global
	GlobalSection(SolutionConfigurationPlatforms) = preSolution
		Debug|Any CPU = Debug|Any CPU
		Release|Any CPU = Release|Any CPU
	EndGlobalSection
	GlobalSection(ProjectConfigurationPlatforms) = postSolution
		{2DDD816D-7C66-42AC-866A-A73F45328975}.Debug|Any CPU.ActiveCfg = Debug|Any CPU
		{2DDD816D-7C66-42AC-866A-A73F45328975}.Debug|Any CPU.Build.0 = Debug|Any CPU
		{2DDD816D-7C66-42AC-866A-A73F45328975}.Release|Any CPU.ActiveCfg = Release|Any CPU
		{2DDD816D-7C66-42AC-866A-A73F45328975}.Release|Any CPU.Build.0 = Release|Any CPU
		{A71F96E0-51EF-467E-B026-7B49DF22A824}.Debug|Any CPU.ActiveCfg = Debug|Any CPU
		{A71F96E0-51EF-467E-B026-7B49DF22A824}.Debug|Any CPU.Build.0 = Debug|Any CPU
		{A71F96E0-51EF-467E-B026-7B49DF22A824}.Release|Any CPU.ActiveCfg = Release|Any CPU
		{A71F96E0-51EF-467E-B026-7B49DF22A824}.Release|Any CPU.Build.0 = Release|Any CPU
	EndGlobalSection
	GlobalSection(SolutionProperties) = preSolution
		HideSolutionNode = FALSE
	EndGlobalSection
	GlobalSection(ExtensibilityGlobals) = postSolution
		SolutionGuid = {1AA969F0-B2B5-4DE6-B7C7-68AFCFA9043C}
	EndGlobalSection
EndGlobal
